{
  "nodes": {
    "brew-src": {
      "flake": false,
      "locked": {
        "lastModified": 1790200116,
        "narHash": "sha256-wcnk/FM0cHBPJ3loHUKUVJThMyiyyqnhbkhDfAYNLBk=",
        "owner": "Homebrew",
        "repo": "brew",
        "rev": "27af95f6a334817dfc67703582a4dae87cc7f614",
        "type": "github"
      },
      "original": {
        "owner": "Homebrew",
        "repo": "brew",
        "type": "github"
      }
    },
    "homebrew-cask": {
      "flake": false,
      "locked": {
        "lastModified": 1790242232,
        "narHash": "sha256-P6boqcw80ldE9B15lYo3iXVlld45O4TbaysxeVD85eo=",
        "owner": "homebrew",
        "repo": "homebrew-cask",
        "rev": "f8ffdae13a45619c9c0e71d091371ec97073d2a2",
        "type": "github"
      },
      "original": {
        "owner": "homebrew",
        "repo": "homebrew-cask",
        "type": "github"
      }
    },
    "homebrew-core": {
      "flake": false,
      "locked": {
        "lastModified": 1790239715,
        "narHash": "sha256-F8gGMn+abBtm77KwTSwtiMDESxDZs/yxlsH9ynhITPM=",
        "owner": "homebrew",
        "repo": "homebrew-core",
        "rev": "052265f8fb23d26e50718bab9d280656b10f4730",
        "type": "github"
      },
      "original": {
        "owner": "homebrew",
        "repo": "homebrew-core",
        "type": "github"
      }
    },
    "homebrew-fvm": {
      "flake": false,
      "locked": {
        "lastModified": 1788557082,
        "narHash": "sha256-ZLy8EgeR2NwiCyd9Cq0y6flPVagCcK+A0flZgbsT4NU=",
        "owner": "leoafarias",
        "repo": "homebrew-fvm",
        "rev": "c08f5a254745e8336564ce03939967614321ad51",
        "type": "github"
      },
      "original": {
        "owner": "leoafarias",
        "repo": "homebrew-fvm",
        "type": "github"
      }
    },
    "homebrew-omlx": {
      "flake": false,
      "locked": {
        "lastModified": 1790242551,
        "narHash": "sha256-ZhB7GFuuh95XuHxOUmiHbwx6NuqCMcGS34A3stE+bR0=",
        "owner": "jundot",
        "repo": "omlx",
        "rev": "e010f798f872f6a16ae6d5ce96c591ce35567ec7",
        "type": "github"
      },
      "original": {
        "owner": "jundot",
        "repo": "omlx",
        "type": "github"
      }
    },
    "nix-darwin": {
      "inputs": {
        "nixpkgs": [
          "nixpkgs"
        ]
      },
      "locked": {
        "lastModified": 1786845137,
        "narHash": "sha256-oQFip+v0luP8NIxJzmiW4Wu8bILsbFWom5l0zonl8hQ=",
        "owner": "nix-darwin",
        "repo": "nix-darwin",
        "rev": "4cff07de74b50e64bdd68cd4e722ab5b6b35ee48",
        "type": "github"
      },
      "original": {
        "owner": "nix-darwin",
        "ref": "master",
        "repo": "nix-darwin",
        "type": "github"
      }
    },
    "nix-homebrew": {
      "inputs": {
        "brew-src": [
          "brew-src"
        ]
      },
      "locked": {
        "lastModified": 1789928041,
        "narHash": "sha256-iV37ieTcE4ZLOYEe0VznW6dWMBe4lEL8AbK1vblyZGM=",
        "owner": "zhaofengli-wip",
        "repo": "nix-homebrew",
        "rev": "c11cccfdd36dd69b5323d70d354b2853379c2426",
        "type": "github"
      },
      "original": {
        "owner": "zhaofengli-wip",
        "repo": "nix-homebrew",
        "type": "github"
      }
    },
    "nixpkgs": {
      "locked": {
        "lastModified": 1790178388,
        "narHash": "sha256-kK3t7gwoz4Nx8RF46cs1Xz/skKNcK7y3KYP+gGqX6W8=",
        "owner": "NixOS",
        "repo": "nixpkgs",
        "rev": "00455b0a3690d3f5dc61e9aef4277dc86235b73f",
        "type": "github"
      },
      "original": {
        "owner": "NixOS",
        "ref": "nixpkgs-unstable",
        "repo": "nixpkgs",
        "type": "github"
      }
    },
    "nixpkgs-direnv-pin": {
      "locked": {
        "lastModified": 1752226285,
        "narHash": "sha256-PxIABgCZICawAr4bPV7nTWuHeBXwX+KCpTK7lkEaTfg=",
        "owner": "NixOS",
        "repo": "nixpkgs",
        "rev": "117b163b7844dca825a3b54fb473336126c55c9b",
        "type": "github"
      },
      "original": {
        "owner": "NixOS",
        "repo": "nixpkgs",
        "rev": "117b163b7844dca825a3b54fb473336126c55c9b",
        "type": "github"
      }
    },
    "root": {
      "inputs": {
        "brew-src": "brew-src",
        "homebrew-cask": "homebrew-cask",
        "homebrew-core": "homebrew-core",
        "homebrew-fvm": "homebrew-fvm",
        "homebrew-omlx": "homebrew-omlx",
        "nix-darwin": "nix-darwin",
        "nix-homebrew": "nix-homebrew",
        "nixpkgs": "nixpkgs",
        "nixpkgs-direnv-pin": "nixpkgs-direnv-pin"
      }
    }
  },
  "root": "root",
  "version": 7
}
