{
  "nodes": {
    "brew-src": {
      "flake": false,
      "locked": {
        "lastModified": 1787986310,
        "narHash": "sha256-WGyekgLpZn9emifktUIHV1xC0Loebzfb46swzKIPPcM=",
        "owner": "Homebrew",
        "repo": "brew",
        "rev": "217036803496c784f5540f7c6422a95a25879402",
        "type": "github"
      },
      "original": {
        "owner": "Homebrew",
        "repo": "brew",
        "type": "github"
      }
    },
    "homebrew-cask": {
      "flake": false,
      "locked": {
        "lastModified": 1787985227,
        "narHash": "sha256-1wKX0jdNjdL9s5aYLzA6HQX3DJwI6fT7XVY8Xf6DTH8=",
        "owner": "homebrew",
        "repo": "homebrew-cask",
        "rev": "23801eb161000c13739913d530631260d405cc23",
        "type": "github"
      },
      "original": {
        "owner": "homebrew",
        "repo": "homebrew-cask",
        "type": "github"
      }
    },
    "homebrew-core": {
      "flake": false,
      "locked": {
        "lastModified": 1787984720,
        "narHash": "sha256-TYF8TIX3CRAdLivoxlB3JvJG+n/ZtfcFdKIDZvsVGPU=",
        "owner": "homebrew",
        "repo": "homebrew-core",
        "rev": "f23d4b5699ec64a74a6f3335658afd89b80aac06",
        "type": "github"
      },
      "original": {
        "owner": "homebrew",
        "repo": "homebrew-core",
        "type": "github"
      }
    },
    "homebrew-fvm": {
      "flake": false,
      "locked": {
        "lastModified": 1787587673,
        "narHash": "sha256-ISK+ZIahk7V6sNfaf8cZ3Rp35/w7IzLdcFGR5u/Qabc=",
        "owner": "leoafarias",
        "repo": "homebrew-fvm",
        "rev": "94bfca7f5499ea14d470de520b53481e79349049",
        "type": "github"
      },
      "original": {
        "owner": "leoafarias",
        "repo": "homebrew-fvm",
        "type": "github"
      }
    },
    "homebrew-omlx": {
      "flake": false,
      "locked": {
        "lastModified": 1787850260,
        "narHash": "sha256-CKx8WQ5dN9rwuFfrFDtzTdYs6n4rsdoupf5Rsr7vu2k=",
        "owner": "jundot",
        "repo": "omlx",
        "rev": "a20ec09d6a0ca68a162c8ced9f12f5de027d9c2f",
        "type": "github"
      },
      "original": {
        "owner": "jundot",
        "repo": "omlx",
        "type": "github"
      }
    },
    "nix-darwin": {
      "inputs": {
        "nixpkgs": [
          "nixpkgs"
        ]
      },
      "locked": {
        "lastModified": 1786845137,
        "narHash": "sha256-oQFip+v0luP8NIxJzmiW4Wu8bILsbFWom5l0zonl8hQ=",
        "owner": "nix-darwin",
        "repo": "nix-darwin",
        "rev": "4cff07de74b50e64bdd68cd4e722ab5b6b35ee48",
        "type": "github"
      },
      "original": {
        "owner": "nix-darwin",
        "ref": "master",
        "repo": "nix-darwin",
        "type": "github"
      }
    },
    "nix-homebrew": {
      "inputs": {
        "brew-src": [
          "brew-src"
        ]
      },
      "locked": {
        "lastModified": 1787330919,
        "narHash": "sha256-LslMncqN7uOOH5S88WZtO/EVt2HwD8ltUnfyANk+mC0=",
        "owner": "zhaofengli-wip",
        "repo": "nix-homebrew",
        "rev": "b00218e4aec0e5bf07d61a0bb13f842faa582d7b",
        "type": "github"
      },
      "original": {
        "owner": "zhaofengli-wip",
        "repo": "nix-homebrew",
        "type": "github"
      }
    },
    "nixpkgs": {
      "locked": {
        "lastModified": 1787814960,
        "narHash": "sha256-PYZq1qzCJXC2zGI0mH07vrZBsw6DRBAOX0jN1pPtqOQ=",
        "owner": "NixOS",
        "repo": "nixpkgs",
        "rev": "c27cdad491a991b11ed731760aa2ef8db0cb0410",
        "type": "github"
      },
      "original": {
        "owner": "NixOS",
        "ref": "nixpkgs-unstable",
        "repo": "nixpkgs",
        "type": "github"
      }
    },
    "nixpkgs-direnv-pin": {
      "locked": {
        "lastModified": 1752226285,
        "narHash": "sha256-PxIABgCZICawAr4bPV7nTWuHeBXwX+KCpTK7lkEaTfg=",
        "owner": "NixOS",
        "repo": "nixpkgs",
        "rev": "117b163b7844dca825a3b54fb473336126c55c9b",
        "type": "github"
      },
      "original": {
        "owner": "NixOS",
        "repo": "nixpkgs",
        "rev": "117b163b7844dca825a3b54fb473336126c55c9b",
        "type": "github"
      }
    },
    "root": {
      "inputs": {
        "brew-src": "brew-src",
        "homebrew-cask": "homebrew-cask",
        "homebrew-core": "homebrew-core",
        "homebrew-fvm": "homebrew-fvm",
        "homebrew-omlx": "homebrew-omlx",
        "nix-darwin": "nix-darwin",
        "nix-homebrew": "nix-homebrew",
        "nixpkgs": "nixpkgs",
        "nixpkgs-direnv-pin": "nixpkgs-direnv-pin"
      }
    }
  },
  "root": "root",
  "version": 7
}
