{
  "nodes": {
    "brew-src": {
      "flake": false,
      "locked": {
        "lastModified": 1778163226,
        "narHash": "sha256-n5G7vPWjbRJYpaX2WerHSRDZXGR5fDaIJEcN76iEQa4=",
        "owner": "Homebrew",
        "repo": "brew",
        "rev": "47abb0d0d0e1837379515e50269c3fdc1830c9dd",
        "type": "github"
      },
      "original": {
        "owner": "Homebrew",
        "repo": "brew",
        "type": "github"
      }
    },
    "homebrew-cask": {
      "flake": false,
      "locked": {
        "lastModified": 1778166033,
        "narHash": "sha256-LVcaMjWCeUBpqmAQbYef1oGMfxUwKpBfyUgRgbbo+ZE=",
        "owner": "homebrew",
        "repo": "homebrew-cask",
        "rev": "b98bc2383e88ffa4872d7d907a153c7cdea25140",
        "type": "github"
      },
      "original": {
        "owner": "homebrew",
        "repo": "homebrew-cask",
        "type": "github"
      }
    },
    "homebrew-core": {
      "flake": false,
      "locked": {
        "lastModified": 1778166958,
        "narHash": "sha256-7uiMAcferbmwi/v0EihAl6lfAj9qPlrU3w4DeNkERhk=",
        "owner": "homebrew",
        "repo": "homebrew-core",
        "rev": "9e9ab57bf5de1df72b7353eeb4a76d2c3aacabad",
        "type": "github"
      },
      "original": {
        "owner": "homebrew",
        "repo": "homebrew-core",
        "type": "github"
      }
    },
    "homebrew-fvm": {
      "flake": false,
      "locked": {
        "lastModified": 1778009393,
        "narHash": "sha256-6skAQu0eJdFhAbYVF8LDcr9OwiBcUtx5aITwQmX4a2k=",
        "owner": "leoafarias",
        "repo": "homebrew-fvm",
        "rev": "49a8946255f972589aae39f8bfb5735aa975e81c",
        "type": "github"
      },
      "original": {
        "owner": "leoafarias",
        "repo": "homebrew-fvm",
        "type": "github"
      }
    },
    "nix-darwin": {
      "inputs": {
        "nixpkgs": [
          "nixpkgs"
        ]
      },
      "locked": {
        "lastModified": 1777780666,
        "narHash": "sha256-8wURyQMdDkGUarSTKOGdCuFfYiwa3HbzwscUfn3STDE=",
        "owner": "nix-darwin",
        "repo": "nix-darwin",
        "rev": "8c62fba0854ba15c8917aed18894dbccb48a3777",
        "type": "github"
      },
      "original": {
        "owner": "nix-darwin",
        "ref": "master",
        "repo": "nix-darwin",
        "type": "github"
      }
    },
    "nix-homebrew": {
      "inputs": {
        "brew-src": [
          "brew-src"
        ]
      },
      "locked": {
        "lastModified": 1777250621,
        "narHash": "sha256-WynkkG0hdZ5niYPJUbVg7oMfu8MVwGGzKZ6lKmfa+O8=",
        "owner": "zhaofengli-wip",
        "repo": "nix-homebrew",
        "rev": "aeb2069920742d0d6570089e8b3b8620050bacf2",
        "type": "github"
      },
      "original": {
        "owner": "zhaofengli-wip",
        "repo": "nix-homebrew",
        "type": "github"
      }
    },
    "nixpkgs": {
      "locked": {
        "lastModified": 1778071213,
        "narHash": "sha256-IoQY5s2VV3RDkX7iuONN9avQl07ItPwcvQWiqwDdfkQ=",
        "owner": "NixOS",
        "repo": "nixpkgs",
        "rev": "07800bee2b362f6c73fe17cb1593a260c5e183c6",
        "type": "github"
      },
      "original": {
        "owner": "NixOS",
        "ref": "nixpkgs-unstable",
        "repo": "nixpkgs",
        "type": "github"
      }
    },
    "nixpkgs-direnv-pin": {
      "locked": {
        "lastModified": 1752226285,
        "narHash": "sha256-PxIABgCZICawAr4bPV7nTWuHeBXwX+KCpTK7lkEaTfg=",
        "owner": "NixOS",
        "repo": "nixpkgs",
        "rev": "117b163b7844dca825a3b54fb473336126c55c9b",
        "type": "github"
      },
      "original": {
        "owner": "NixOS",
        "repo": "nixpkgs",
        "rev": "117b163b7844dca825a3b54fb473336126c55c9b",
        "type": "github"
      }
    },
    "root": {
      "inputs": {
        "brew-src": "brew-src",
        "homebrew-cask": "homebrew-cask",
        "homebrew-core": "homebrew-core",
        "homebrew-fvm": "homebrew-fvm",
        "nix-darwin": "nix-darwin",
        "nix-homebrew": "nix-homebrew",
        "nixpkgs": "nixpkgs",
        "nixpkgs-direnv-pin": "nixpkgs-direnv-pin"
      }
    }
  },
  "root": "root",
  "version": 7
}
